{
  "name": "load-sample-set",
  "version": "1.0.0",
  "lockfileVersion": 1,
  "requires": true,
  "dependencies": {
    "audio-buffer-instrument": {
      "version": "1.0.0",
      "resolved": "https://registry.npmjs.org/audio-buffer-instrument/-/audio-buffer-instrument-1.0.0.tgz",
      "integrity": "sha512-WT0DAyZgLgxzGulTWQuOgojFJAPTv1xZGT5TP5fqbw+dCy5zDywvw6euU9HCzTSur9NeVkb5/+CZfg/+p61FRg=="
    },
    "tiny-sample-loader": {
      "version": "2.0.0",
      "resolved": "https://registry.npmjs.org/tiny-sample-loader/-/tiny-sample-loader-2.0.0.tgz",
      "integrity": "sha512-AVhTzEZlxKfWnpgMoifBWIis7k9dKHdOjOnsj1ElJSQoSOJYO+4YUWhMKBNWaIsk2N1aO+puyc4CFUEg5vsPOg=="
    }
  }
}
