{
  "name": "load-sample-set",
  "version": "2.0.3",
  "lockfileVersion": 1,
  "requires": true,
  "dependencies": {
    "audio-buffer-instrument": {
      "version": "2.0.0",
      "resolved": "https://registry.npmjs.org/audio-buffer-instrument/-/audio-buffer-instrument-2.0.0.tgz",
      "integrity": "sha512-ua7mcOqb7IGfzwTRIOUsbsJ4jjJtlKhbwD7nNGcNpjdndAL2NlYfNo2AUpj311+c6eEudbJqeHqfjI/kw3kWLg==",
      "requires": {
        "tiny-sample-loader": "2.0.0"
      }
    },
    "get-json-promise": {
      "version": "1.0.3",
      "resolved": "https://registry.npmjs.org/get-json-promise/-/get-json-promise-1.0.3.tgz",
      "integrity": "sha1-XnF+gFZfYGrMbiIn0SchcrglgO8="
    },
    "tiny-sample-loader": {
      "version": "2.0.0",
      "resolved": "https://registry.npmjs.org/tiny-sample-loader/-/tiny-sample-loader-2.0.0.tgz",
      "integrity": "sha512-AVhTzEZlxKfWnpgMoifBWIis7k9dKHdOjOnsj1ElJSQoSOJYO+4YUWhMKBNWaIsk2N1aO+puyc4CFUEg5vsPOg=="
    }
  }
}
